version: "3.3"

# Use UCP interlock for routing
# Store nginx key and cert in swarm secrets.
# Note: run it with UCP client bundle.
# Testing: curl https://<ucp-interlock-proxy>:<port>

services:
  ng:
    image: xinfengliu/nginx:stable-alpine-tls
    deploy:
      replicas: 1
      labels:
        com.docker.lb.hosts: web.example.org
        # you can omit com.docker.lb.network if there's only one network used.
        # com.docker.lb.network: demo-network
        com.docker.lb.port: 443  # upstream port of interlock, in this example, nginx container port
        com.docker.lb.ssl_passthrough: "true"
    secrets:
      - source: nginx.crt
        target: /run/secrets/nginx.crt
      - source: nginx.key
        target: /run/secrets/nginx.key
secrets:
  nginx.crt:
    file: ./nginx.crt
  nginx.key:
    file: ./nginx.key
